
Microsoft Visual Studio Solution File, Format Version 9.00
# Visual Studio 2005
Project("{8BC9CEB8-8B4A-11D0-8D11-00A0C91BC942}") = "DimApiMan", "DimApiMan38.vcproj", "{BFD0414C-D894-4A7C-8203-1863AA18EFAC}"
EndProject
Project("{8BC9CEB8-8B4A-11D0-8D11-00A0C91BC942}") = "SmiApiMan", "SmiApiMan38.vcproj", "{8241BB94-397C-4250-BCA4-5D8F008DA514}"
EndProject
Global
	GlobalSection(SolutionConfigurationPlatforms) = preSolution
		Debug|Win32 = Debug|Win32
		Release|Win32 = Release|Win32
	EndGlobalSection
	GlobalSection(ProjectConfigurationPlatforms) = postSolution
		{BFD0414C-D894-4A7C-8203-1863AA18EFAC}.Debug|Win32.ActiveCfg = Debug|Win32
		{BFD0414C-D894-4A7C-8203-1863AA18EFAC}.Debug|Win32.Build.0 = Debug|Win32
		{BFD0414C-D894-4A7C-8203-1863AA18EFAC}.Release|Win32.ActiveCfg = Release|Win32
		{BFD0414C-D894-4A7C-8203-1863AA18EFAC}.Release|Win32.Build.0 = Release|Win32
		{8241BB94-397C-4250-BCA4-5D8F008DA514}.Debug|Win32.ActiveCfg = Debug|Win32
		{8241BB94-397C-4250-BCA4-5D8F008DA514}.Debug|Win32.Build.0 = Debug|Win32
		{8241BB94-397C-4250-BCA4-5D8F008DA514}.Release|Win32.ActiveCfg = Release|Win32
		{8241BB94-397C-4250-BCA4-5D8F008DA514}.Release|Win32.Build.0 = Release|Win32
	EndGlobalSection
	GlobalSection(SolutionProperties) = preSolution
		HideSolutionNode = FALSE
	EndGlobalSection
EndGlobal
